
Microsoft Visual Studio Solution File, Format Version 12.00
# Visual Studio Version 16
VisualStudioVersion = 16.0.32407.337
MinimumVisualStudioVersion = 10.0.40219.1
Project("{9A19103F-16F7-4668-BE54-9A1E7A4F7556}") = "Server Backend", "Server Backend\Server Backend.csproj", "{7AD89329-A017-48E8-98E1-2136E9C72108}"
EndProject
Project("{FAE04EC0-301F-11D3-BF4B-00C04F79EFBC}") = "ServerTests", "ServerTests\ServerTests.csproj", "{13718451-FA3C-4AAB-83C2-714B3F0F20AA}"
EndProject
Global
	GlobalSection(SolutionConfigurationPlatforms) = preSolution
		Debug|Any CPU = Debug|Any CPU
		Release|Any CPU = Release|Any CPU
	EndGlobalSection
	GlobalSection(ProjectConfigurationPlatforms) = postSolution
		{7AD89329-A017-48E8-98E1-2136E9C72108}.Debug|Any CPU.ActiveCfg = Debug|Any CPU
		{7AD89329-A017-48E8-98E1-2136E9C72108}.Debug|Any CPU.Build.0 = Debug|Any CPU
		{7AD89329-A017-48E8-98E1-2136E9C72108}.Release|Any CPU.ActiveCfg = Release|Any CPU
		{7AD89329-A017-48E8-98E1-2136E9C72108}.Release|Any CPU.Build.0 = Release|Any CPU
		{13718451-FA3C-4AAB-83C2-714B3F0F20AA}.Debug|Any CPU.ActiveCfg = Debug|Any CPU
		{13718451-FA3C-4AAB-83C2-714B3F0F20AA}.Debug|Any CPU.Build.0 = Debug|Any CPU
		{13718451-FA3C-4AAB-83C2-714B3F0F20AA}.Release|Any CPU.ActiveCfg = Release|Any CPU
		{13718451-FA3C-4AAB-83C2-714B3F0F20AA}.Release|Any CPU.Build.0 = Release|Any CPU
	EndGlobalSection
	GlobalSection(SolutionProperties) = preSolution
		HideSolutionNode = FALSE
	EndGlobalSection
	GlobalSection(ExtensibilityGlobals) = postSolution
		SolutionGuid = {3F77C2AF-250C-4E4D-8F7E-2EE4796AA153}
	EndGlobalSection
EndGlobal
